
Microsoft Visual Studio Solution File, Format Version 12.00
# Visual Studio Version 17
VisualStudioVersion = 17.9.34728.123
MinimumVisualStudioVersion = 10.0.40219.1
Project("{FAE04EC0-301F-11D3-BF4B-00C04F79EFBC}") = "GaiaProject", "GaiaProject\GaiaProject.csproj", "{045E0513-2E47-40A4-8C03-011A825FD062}"
EndProject
Global
	GlobalSection(SolutionConfigurationPlatforms) = preSolution
		Debug|Any CPU = Debug|Any CPU
		Release|Any CPU = Release|Any CPU
	EndGlobalSection
	GlobalSection(ProjectConfigurationPlatforms) = postSolution
		{045E0513-2E47-40A4-8C03-011A825FD062}.Debug|Any CPU.ActiveCfg = Debug|Any CPU
		{045E0513-2E47-40A4-8C03-011A825FD062}.Debug|Any CPU.Build.0 = Debug|Any CPU
		{045E0513-2E47-40A4-8C03-011A825FD062}.Release|Any CPU.ActiveCfg = Release|Any CPU
		{045E0513-2E47-40A4-8C03-011A825FD062}.Release|Any CPU.Build.0 = Release|Any CPU
	EndGlobalSection
	GlobalSection(SolutionProperties) = preSolution
		HideSolutionNode = FALSE
	EndGlobalSection
	GlobalSection(ExtensibilityGlobals) = postSolution
		SolutionGuid = {2F5A58B7-82F4-47F8-8FD9-B5915A29082F}
	EndGlobalSection
EndGlobal
